
Microsoft Visual Studio Solution File, Format Version 12.00
# Visual Studio 2012
Project("{FAE04EC0-301F-11D3-BF4B-00C04F79EFBC}") = "Eaztimate", "Eaztimate\Eaztimate.csproj", "{FE7F37A9-A8D5-4017-ABF5-E39035955534}"
EndProject
Global
	GlobalSection(SolutionConfigurationPlatforms) = preSolution
		Debug|Any CPU = Debug|Any CPU
		Release|Any CPU = Release|Any CPU
	EndGlobalSection
	GlobalSection(ProjectConfigurationPlatforms) = postSolution
		{FE7F37A9-A8D5-4017-ABF5-E39035955534}.Debug|Any CPU.ActiveCfg = Debug|Any CPU
		{FE7F37A9-A8D5-4017-ABF5-E39035955534}.Debug|Any CPU.Build.0 = Debug|Any CPU
		{FE7F37A9-A8D5-4017-ABF5-E39035955534}.Release|Any CPU.ActiveCfg = Release|Any CPU
		{FE7F37A9-A8D5-4017-ABF5-E39035955534}.Release|Any CPU.Build.0 = Release|Any CPU
	EndGlobalSection
	GlobalSection(SolutionProperties) = preSolution
		HideSolutionNode = FALSE
	EndGlobalSection
EndGlobal
